{
    "version": 3,
    "terraform_version": "0.11.13",
    "serial": 15,
    "lineage": "376bfb97-cdcb-a2ef-4b6b-00c6cb6b47b8",
    "modules": [
        {
            "path": [
                "root"
            ],
            "outputs": {
                "id": {
                    "sensitive": false,
                    "type": "string",
                    "value": "i-08426ffa2a6c873e7"
                },
                "id_image": {
                    "sensitive": false,
                    "type": "string",
                    "value": "ami-0d476256de44242b0"
                },
                "ip": {
                    "sensitive": false,
                    "type": "string",
                    "value": "18.188.217.187"
                },
                "security_group": {
                    "sensitive": false,
                    "type": "string",
                    "value": "default"
                }
            },
            "resources": {
                "aws_instance.mongodb": {
                    "type": "aws_instance",
                    "depends_on": [
                        "aws_key_pair.deployer",
                        "data.aws_ami.mongo"
                    ],
                    "primary": {
                        "id": "i-08426ffa2a6c873e7",
                        "attributes": {
                            "ami": "ami-0d476256de44242b0",
                            "arn": "arn:aws:ec2:us-east-2:054340753683:instance/i-08426ffa2a6c873e7",
                            "associate_public_ip_address": "true",
                            "availability_zone": "us-east-2a",
                            "cpu_core_count": "1",
                            "cpu_threads_per_core": "1",
                            "credit_specification.#": "1",
                            "credit_specification.0.cpu_credits": "standard",
                            "disable_api_termination": "false",
                            "ebs_block_device.#": "0",
                            "ebs_optimized": "false",
                            "ephemeral_block_device.#": "0",
                            "get_password_data": "false",
                            "iam_instance_profile": "",
                            "id": "i-08426ffa2a6c873e7",
                            "instance_state": "running",
                            "instance_type": "t2.micro",
                            "ipv6_addresses.#": "0",
                            "key_name": "deployer-key",
                            "monitoring": "false",
                            "network_interface.#": "0",
                            "password_data": "",
                            "placement_group": "",
                            "primary_network_interface_id": "eni-02be12edb1b974fcd",
                            "private_dns": "ip-172-31-11-149.us-east-2.compute.internal",
                            "private_ip": "172.31.11.149",
                            "public_dns": "ec2-18-188-217-187.us-east-2.compute.amazonaws.com",
                            "public_ip": "18.188.217.187",
                            "root_block_device.#": "1",
                            "root_block_device.0.delete_on_termination": "true",
                            "root_block_device.0.iops": "100",
                            "root_block_device.0.volume_id": "vol-0612feedec0b60191",
                            "root_block_device.0.volume_size": "8",
                            "root_block_device.0.volume_type": "gp2",
                            "security_groups.#": "1",
                            "security_groups.3814588639": "default",
                            "source_dest_check": "true",
                            "subnet_id": "subnet-caebd0a2",
                            "tags.%": "1",
                            "tags.Name": "MongoDB",
                            "tenancy": "default",
                            "user_data": "0cbe27a857b92bcb04138808963d6c9680d2d01b",
                            "volume_tags.%": "0",
                            "vpc_security_group_ids.#": "1",
                            "vpc_security_group_ids.648100390": "sg-c60b77a8"
                        },
                        "meta": {
                            "e2bfb730-ecaa-11e6-8f88-34363bc7c4c0": {
                                "create": 600000000000,
                                "delete": 1200000000000,
                                "update": 600000000000
                            },
                            "schema_version": "1"
                        },
                        "tainted": false
                    },
                    "deposed": [],
                    "provider": "provider.aws"
                },
                "aws_key_pair.deployer": {
                    "type": "aws_key_pair",
                    "depends_on": [],
                    "primary": {
                        "id": "deployer-key",
                        "attributes": {
                            "fingerprint": "83:a4:7d:68:1e:46:24:94:ff:a0:12:30:94:66:ba:bb",
                            "id": "deployer-key",
                            "key_name": "deployer-key",
                            "public_key": "ssh-rsa AAAAB3NzaC1yc2EAAAADAQABAAABAQDRiooCuiso9BVr5ugKZxpuIMXpO+Vd8a7u+yQIC0ONF7uW/ittIudvWecLB6P+caOOXJ3kGj2r2jRabKXg/vVmeuWaVE1p3REGmiGmt+kgql5d8WCeeg+yWA0xk/YKl6TINkNg/Uf6cKOHPqTu0k6K7Z4soDwpPnMnAkM6fxbRXs3YL4Dq/Je80/Rpckr4eg2CrPpC1mc8XLtJq5TdB/6NWooUjpLkZ9CspV3QJlY+9cZjeCEJyqjoO/YoIf99WRCdaLG6/cr9Hrt4PlKvUmj2xDzw/hBqsdCsUPRLCGp2NrvRoMjAqFbTMXzq8VblXhedQx9z6o0rKjKKYYL4DNjr root@C6DES018"
                        },
                        "meta": {
                            "schema_version": "1"
                        },
                        "tainted": false
                    },
                    "deposed": [],
                    "provider": "provider.aws"
                },
                "aws_security_group_rule.mongo_db": {
                    "type": "aws_security_group_rule",
                    "depends_on": [
                        "data.aws_security_group.group"
                    ],
                    "primary": {
                        "id": "sgrule-417974631",
                        "attributes": {
                            "cidr_blocks.#": "1",
                            "cidr_blocks.0": "0.0.0.0/0",
                            "from_port": "27017",
                            "id": "sgrule-417974631",
                            "protocol": "tcp",
                            "security_group_id": "sg-c60b77a8",
                            "self": "false",
                            "to_port": "27017",
                            "type": "ingress"
                        },
                        "meta": {
                            "schema_version": "2"
                        },
                        "tainted": false
                    },
                    "deposed": [],
                    "provider": "provider.aws"
                },
                "data.aws_ami.mongo": {
                    "type": "aws_ami",
                    "depends_on": [],
                    "primary": {
                        "id": "ami-0d476256de44242b0",
                        "attributes": {
                            "architecture": "x86_64",
                            "block_device_mappings.#": "1",
                            "block_device_mappings.2547816212.device_name": "/dev/sda1",
                            "block_device_mappings.2547816212.ebs.%": "6",
                            "block_device_mappings.2547816212.ebs.delete_on_termination": "true",
                            "block_device_mappings.2547816212.ebs.encrypted": "false",
                            "block_device_mappings.2547816212.ebs.iops": "0",
                            "block_device_mappings.2547816212.ebs.snapshot_id": "snap-0fe77fd766685fc48",
                            "block_device_mappings.2547816212.ebs.volume_size": "8",
                            "block_device_mappings.2547816212.ebs.volume_type": "gp2",
                            "block_device_mappings.2547816212.no_device": "",
                            "block_device_mappings.2547816212.virtual_name": "",
                            "creation_date": "2019-01-20T23:28:33.000Z",
                            "description": "[Copied ami-05f97bea6ba957eeb from us-east-1] ubuntu18",
                            "filter.#": "1",
                            "filter.127366227.name": "name",
                            "filter.127366227.values.#": "1",
                            "filter.127366227.values.0": "ubuntu18",
                            "hypervisor": "xen",
                            "id": "ami-0d476256de44242b0",
                            "image_id": "ami-0d476256de44242b0",
                            "image_location": "438784481042/ubuntu18",
                            "image_type": "machine",
                            "most_recent": "true",
                            "name": "ubuntu18",
                            "owner_id": "438784481042",
                            "owners.#": "1",
                            "owners.0": "438784481042",
                            "product_codes.#": "0",
                            "public": "true",
                            "root_device_name": "/dev/sda1",
                            "root_device_type": "ebs",
                            "root_snapshot_id": "snap-0fe77fd766685fc48",
                            "sriov_net_support": "simple",
                            "state": "available",
                            "state_reason.%": "2",
                            "state_reason.code": "UNSET",
                            "state_reason.message": "UNSET",
                            "tags.%": "0",
                            "virtualization_type": "hvm"
                        },
                        "meta": {},
                        "tainted": false
                    },
                    "deposed": [],
                    "provider": "provider.aws"
                },
                "data.aws_security_group.group": {
                    "type": "aws_security_group",
                    "depends_on": [
                        "aws_instance.mongodb"
                    ],
                    "primary": {
                        "id": "sg-c60b77a8",
                        "attributes": {
                            "arn": "arn:aws:ec2:us-east-2:054340753683:security-group/sg-c60b77a8",
                            "description": "default VPC security group",
                            "id": "sg-c60b77a8",
                            "name": "default",
                            "tags.%": "0",
                            "vpc_id": "vpc-3bd3c053"
                        },
                        "meta": {},
                        "tainted": false
                    },
                    "deposed": [],
                    "provider": "provider.aws"
                }
            },
            "depends_on": []
        }
    ]
}
